// !$*UTF8*$!
{
	archiveVersion = 1;
	classes = {
	};
	objectVersion = 46;
	objects = {

/* Begin PBXBuildFile section */
		B50DB01B1831207800120BB2 /* Foundation.framework in Frameworks */ = {isa = PBXBuildFile; fileRef = B50DB01A1831207800120BB2 /* Foundation.framework */; };
		B50DB01D1831207800120BB2 /* CoreGraphics.framework in Frameworks */ = {isa = PBXBuildFile; fileRef = B50DB01C1831207800120BB2 /* CoreGraphics.framework */; };
		B50DB01F1831207800120BB2 /* UIKit.framework in Frameworks */ = {isa = PBXBuildFile; fileRef = B50DB01E1831207800120BB2 /* UIKit.framework */; };
		B50DB0251831207800120BB2 /* InfoPlist.strings in Resources */ = {isa = PBXBuildFile; fileRef = B50DB0231831207800120BB2 /* InfoPlist.strings */; };
		B50DB0271831207800120BB2 /* main.m in Sources */ = {isa = PBXBuildFile; fileRef = B50DB0261831207800120BB2 /* main.m */; };
		B50DB02B1831207800120BB2 /* AppDelegate.m in Sources */ = {isa = PBXBuildFile; fileRef = B50DB02A1831207800120BB2 /* AppDelegate.m */; };
		B50DB02D1831207800120BB2 /* Images.xcassets in Resources */ = {isa = PBXBuildFile; fileRef = B50DB02C1831207800120BB2 /* Images.xcassets */; };
		B50DB0341831207800120BB2 /* XCTest.framework in Frameworks */ = {isa = PBXBuildFile; fileRef = B50DB0331831207800120BB2 /* XCTest.framework */; };
		B50DB0351831207800120BB2 /* Foundation.framework in Frameworks */ = {isa = PBXBuildFile; fileRef = B50DB01A1831207800120BB2 /* Foundation.framework */; };
		B50DB0361831207800120BB2 /* UIKit.framework in Frameworks */ = {isa = PBXBuildFile; fileRef = B50DB01E1831207800120BB2 /* UIKit.framework */; };
		B50DB04B183120FF00120BB2 /* ViewController.m in Sources */ = {isa = PBXBuildFile; fileRef = B50DB04A183120FF00120BB2 /* ViewController.m */; };
/* End PBXBuildFile section */

/* Begin PBXContainerItemProxy section */
		B50DB0371831207800120BB2 /* PBXContainerItemProxy */ = {
			isa = PBXContainerItemProxy;
			containerPortal = B50DB00F1831207800120BB2 /* Project object */;
			proxyType = 1;
			remoteGlobalIDString = B50DB0161831207800120BB2;
			remoteInfo = ProjectName;
		};
/* End PBXContainerItemProxy section */

/* Begin PBXFileReference section */
		B50DB0171831207800120BB2 /* ProjectName.app */ = {isa = PBXFileReference; explicitFileType = wrapper.application; includeInIndex = 0; path = ProjectName.app; sourceTree = BUILT_PRODUCTS_DIR; };
		B50DB01A1831207800120BB2 /* Foundation.framework */ = {isa = PBXFileReference; lastKnownFileType = wrapper.framework; name = Foundation.framework; path = System/Library/Frameworks/Foundation.framework; sourceTree = SDKROOT; };
		B50DB01C1831207800120BB2 /* CoreGraphics.framework */ = {isa = PBXFileReference; lastKnownFileType = wrapper.framework; name = CoreGraphics.framework; path = System/Library/Frameworks/CoreGraphics.framework; sourceTree = SDKROOT; };
		B50DB01E1831207800120BB2 /* UIKit.framework */ = {isa = PBXFileReference; lastKnownFileType = wrapper.framework; name = UIKit.framework; path = System/Library/Frameworks/UIKit.framework; sourceTree = SDKROOT; };
		B50DB0221831207800120BB2 /* ProjectName-Info.plist */ = {isa = PBXFileReference; lastKnownFileType = text.plist.xml; path = "ProjectName-Info.plist"; sourceTree = "<group>"; };
		B50DB0241831207800120BB2 /* en */ = {isa = PBXFileReference; lastKnownFileType = text.plist.strings; name = en; path = en.lproj/InfoPlist.strings; sourceTree = "<group>"; };
		B50DB0261831207800120BB2 /* main.m */ = {isa = PBXFileReference; lastKnownFileType = sourcecode.c.objc; path = main.m; sourceTree = "<group>"; };
		B50DB0281831207800120BB2 /* ProjectName-Prefix.pch */ = {isa = PBXFileReference; lastKnownFileType = sourcecode.c.h; path = "ProjectName-Prefix.pch"; sourceTree = "<group>"; };
		B50DB0291831207800120BB2 /* AppDelegate.h */ = {isa = PBXFileReference; lastKnownFileType = sourcecode.c.h; path = AppDelegate.h; sourceTree = "<group>"; };
		B50DB02A1831207800120BB2 /* AppDelegate.m */ = {isa = PBXFileReference; lastKnownFileType = sourcecode.c.objc; path = AppDelegate.m; sourceTree = "<group>"; };
		B50DB02C1831207800120BB2 /* Images.xcassets */ = {isa = PBXFileReference; lastKnownFileType = folder.assetcatalog; path = Images.xcassets; sourceTree = "<group>"; };
		B50DB0321831207800120BB2 /* ProjectNameTests.xctest */ = {isa = PBXFileReference; explicitFileType = wrapper.cfbundle; includeInIndex = 0; path = ProjectNameTests.xctest; sourceTree = BUILT_PRODUCTS_DIR; };
		B50DB0331831207800120BB2 /* XCTest.framework */ = {isa = PBXFileReference; lastKnownFileType = wrapper.framework; name = XCTest.framework; path = Library/Frameworks/XCTest.framework; sourceTree = DEVELOPER_DIR; };
		B50DB049183120FF00120BB2 /* ViewController.h */ = {isa = PBXFileReference; fileEncoding = 4; lastKnownFileType = sourcecode.c.h; path = ViewController.h; sourceTree = "<group>"; };
		B50DB04A183120FF00120BB2 /* ViewController.m */ = {isa = PBXFileReference; fileEncoding = 4; lastKnownFileType = sourcecode.c.objc; path = ViewController.m; sourceTree = "<group>"; };
/* End PBXFileReference section */

/* Begin PBXFrameworksBuildPhase section */
		B50DB0141831207800120BB2 /* Frameworks */ = {
			isa = PBXFrameworksBuildPhase;
			buildActionMask = 2147483647;
			files = (
				B50DB01D1831207800120BB2 /* CoreGraphics.framework in Frameworks */,
				B50DB01F1831207800120BB2 /* UIKit.framework in Frameworks */,
				B50DB01B1831207800120BB2 /* Foundation.framework in Frameworks */,
			);
			runOnlyForDeploymentPostprocessing = 0;
		};
		B50DB02F1831207800120BB2 /* Frameworks */ = {
			isa = PBXFrameworksBuildPhase;
			buildActionMask = 2147483647;
			files = (
				B50DB0341831207800120BB2 /* XCTest.framework in Frameworks */,
				B50DB0361831207800120BB2 /* UIKit.framework in Frameworks */,
				B50DB0351831207800120BB2 /* Foundation.framework in Frameworks */,
			);
			runOnlyForDeploymentPostprocessing = 0;
		};
/* End PBXFrameworksBuildPhase section */

/* Begin PBXGroup section */
		B50DB00E1831207800120BB2 = {
			isa = PBXGroup;
			children = (
				B50DB0201831207800120BB2 /* ProjectName */,
				B50DB0191831207800120BB2 /* Frameworks */,
				B50DB0181831207800120BB2 /* Products */,
			);
			sourceTree = "<group>";
		};
		B50DB0181831207800120BB2 /* Products */ = {
			isa = PBXGroup;
			children = (
				B50DB0171831207800120BB2 /* ProjectName.app */,
				B50DB0321831207800120BB2 /* ProjectNameTests.xctest */,
			);
			name = Products;
			sourceTree = "<group>";
		};
		B50DB0191831207800120BB2 /* Frameworks */ = {
			isa = PBXGroup;
			children = (
				B50DB01A1831207800120BB2 /* Foundation.framework */,
				B50DB01C1831207800120BB2 /* CoreGraphics.framework */,
				B50DB01E1831207800120BB2 /* UIKit.framework */,
				B50DB0331831207800120BB2 /* XCTest.framework */,
			);
			name = Frameworks;
			sourceTree = "<group>";
		};
		B50DB0201831207800120BB2 /* ProjectName */ = {
			isa = PBXGroup;
			children = (
				B50DB0211831207800120BB2 /* Supporting Files */,
				B50DB049183120FF00120BB2 /* ViewController.h */,
				B50DB04A183120FF00120BB2 /* ViewController.m */,
			);
			path = ProjectName;
			sourceTree = "<group>";
		};
		B50DB0211831207800120BB2 /* Supporting Files */ = {
			isa = PBXGroup;
			children = (
				B50DB0291831207800120BB2 /* AppDelegate.h */,
				B50DB02A1831207800120BB2 /* AppDelegate.m */,
				B50DB02C1831207800120BB2 /* Images.xcassets */,
				B50DB0221831207800120BB2 /* ProjectName-Info.plist */,
				B50DB0231831207800120BB2 /* InfoPlist.strings */,
				B50DB0261831207800120BB2 /* main.m */,
				B50DB0281831207800120BB2 /* ProjectName-Prefix.pch */,
			);
			name = "Supporting Files";
			sourceTree = "<group>";
		};
/* End PBXGroup section */

/* Begin PBXNativeTarget section */
		B50DB0161831207800120BB2 /* ProjectName */ = {
			isa = PBXNativeTarget;
			buildConfigurationList = B50DB0431831207800120BB2 /* Build configuration list for PBXNativeTarget "ProjectName" */;
			buildPhases = (
				B50DB0131831207800120BB2 /* Sources */,
				B50DB0141831207800120BB2 /* Frameworks */,
				B50DB0151831207800120BB2 /* Resources */,
			);
			buildRules = (
			);
			dependencies = (
			);
			name = ProjectName;
			productName = ProjectName;
			productReference = B50DB0171831207800120BB2 /* ProjectName.app */;
			productType = "com.apple.product-type.application";
		};
		B50DB0311831207800120BB2 /* ProjectNameTests */ = {
			isa = PBXNativeTarget;
			buildConfigurationList = B50DB0461831207800120BB2 /* Build configuration list for PBXNativeTarget "ProjectNameTests" */;
			buildPhases = (
				B50DB02E1831207800120BB2 /* Sources */,
				B50DB02F1831207800120BB2 /* Frameworks */,
				B50DB0301831207800120BB2 /* Resources */,
			);
			buildRules = (
			);
			dependencies = (
				B50DB0381831207800120BB2 /* PBXTargetDependency */,
			);
			name = ProjectNameTests;
			productName = ProjectNameTests;
			productReference = B50DB0321831207800120BB2 /* ProjectNameTests.xctest */;
			productType = "com.apple.product-type.bundle.unit-test";
		};
/* End PBXNativeTarget section */

/* Begin PBXProject section */
		B50DB00F1831207800120BB2 /* Project object */ = {
			isa = PBXProject;
			attributes = {
				LastUpgradeCheck = 0500;
				ORGANIZATIONNAME = vdm;
				TargetAttributes = {
					B50DB0311831207800120BB2 = {
						TestTargetID = B50DB0161831207800120BB2;
					};
				};
			};
			buildConfigurationList = B50DB0121831207800120BB2 /* Build configuration list for PBXProject "ProjectName" */;
			compatibilityVersion = "Xcode 3.2";
			developmentRegion = English;
			hasScannedForEncodings = 0;
			knownRegions = (
				en,
			);
			mainGroup = B50DB00E1831207800120BB2;
			productRefGroup = B50DB0181831207800120BB2 /* Products */;
			projectDirPath = "";
			projectRoot = "";
			targets = (
				B50DB0161831207800120BB2 /* ProjectName */,
				B50DB0311831207800120BB2 /* ProjectNameTests */,
			);
		};
/* End PBXProject section */

/* Begin PBXResourcesBuildPhase section */
		B50DB0151831207800120BB2 /* Resources */ = {
			isa = PBXResourcesBuildPhase;
			buildActionMask = 2147483647;
			files = (
				B50DB0251831207800120BB2 /* InfoPlist.strings in Resources */,
				B50DB02D1831207800120BB2 /* Images.xcassets in Resources */,
			);
			runOnlyForDeploymentPostprocessing = 0;
		};
		B50DB0301831207800120BB2 /* Resources */ = {
			isa = PBXResourcesBuildPhase;
			buildActionMask = 2147483647;
			files = (
			);
			runOnlyForDeploymentPostprocessing = 0;
		};
/* End PBXResourcesBuildPhase section */

/* Begin PBXSourcesBuildPhase section */
		B50DB0131831207800120BB2 /* Sources */ = {
			isa = PBXSourcesBuildPhase;
			buildActionMask = 2147483647;
			files = (
				B50DB04B183120FF00120BB2 /* ViewController.m in Sources */,
				B50DB02B1831207800120BB2 /* AppDelegate.m in Sources */,
				B50DB0271831207800120BB2 /* main.m in Sources */,
			);
			runOnlyForDeploymentPostprocessing = 0;
		};
		B50DB02E1831207800120BB2 /* Sources */ = {
			isa = PBXSourcesBuildPhase;
			buildActionMask = 2147483647;
			files = (
			);
			runOnlyForDeploymentPostprocessing = 0;
		};
/* End PBXSourcesBuildPhase section */

/* Begin PBXTargetDependency section */
		B50DB0381831207800120BB2 /* PBXTargetDependency */ = {
			isa = PBXTargetDependency;
			target = B50DB0161831207800120BB2 /* ProjectName */;
			targetProxy = B50DB0371831207800120BB2 /* PBXContainerItemProxy */;
		};
/* End PBXTargetDependency section */

/* Begin PBXVariantGroup section */
		B50DB0231831207800120BB2 /* InfoPlist.strings */ = {
			isa = PBXVariantGroup;
			children = (
				B50DB0241831207800120BB2 /* en */,
			);
			name = InfoPlist.strings;
			sourceTree = "<group>";
		};
/* End PBXVariantGroup section */

/* Begin XCBuildConfiguration section */
		B50DB0411831207800120BB2 /* Debug */ = {
			isa = XCBuildConfiguration;
			buildSettings = {
				ALWAYS_SEARCH_USER_PATHS = NO;
				ARCHS = "$(ARCHS_STANDARD_INCLUDING_64_BIT)";
				CLANG_CXX_LANGUAGE_STANDARD = "gnu++0x";
				CLANG_CXX_LIBRARY = "libc++";
				CLANG_ENABLE_MODULES = YES;
				CLANG_ENABLE_OBJC_ARC = YES;
				CLANG_WARN_BOOL_CONVERSION = YES;
				CLANG_WARN_CONSTANT_CONVERSION = YES;
				CLANG_WARN_DIRECT_OBJC_ISA_USAGE = YES_ERROR;
				CLANG_WARN_EMPTY_BODY = YES;
				CLANG_WARN_ENUM_CONVERSION = YES;
				CLANG_WARN_INT_CONVERSION = YES;
				CLANG_WARN_OBJC_ROOT_CLASS = YES_ERROR;
				CLANG_WARN__DUPLICATE_METHOD_MATCH = YES;
				"CODE_SIGN_IDENTITY[sdk=iphoneos*]" = "iPhone Developer";
				COPY_PHASE_STRIP = NO;
				GCC_C_LANGUAGE_STANDARD = gnu99;
				GCC_DYNAMIC_NO_PIC = NO;
				GCC_OPTIMIZATION_LEVEL = 0;
				GCC_PREPROCESSOR_DEFINITIONS = (
					"DEBUG=1",
					"$(inherited)",
				);
				GCC_SYMBOLS_PRIVATE_EXTERN = NO;
				GCC_WARN_64_TO_32_BIT_CONVERSION = YES;
				GCC_WARN_ABOUT_RETURN_TYPE = YES_ERROR;
				GCC_WARN_UNDECLARED_SELECTOR = YES;
				GCC_WARN_UNINITIALIZED_AUTOS = YES;
				GCC_WARN_UNUSED_FUNCTION = YES;
				GCC_WARN_UNUSED_VARIABLE = YES;
				IPHONEOS_DEPLOYMENT_TARGET = 7.0;
				ONLY_ACTIVE_ARCH = YES;
				SDKROOT = iphoneos;
			};
			name = Debug;
		};
		B50DB0421831207800120BB2 /* Release */ = {
			isa = XCBuildConfiguration;
			buildSettings = {
				ALWAYS_SEARCH_USER_PATHS = NO;
				ARCHS = "$(ARCHS_STANDARD_INCLUDING_64_BIT)";
				CLANG_CXX_LANGUAGE_STANDARD = "gnu++0x";
				CLANG_CXX_LIBRARY = "libc++";
				CLANG_ENABLE_MODULES = YES;
				CLANG_ENABLE_OBJC_ARC = YES;
				CLANG_WARN_BOOL_CONVERSION = YES;
				CLANG_WARN_CONSTANT_CONVERSION = YES;
				CLANG_WARN_DIRECT_OBJC_ISA_USAGE = YES_ERROR;
				CLANG_WARN_EMPTY_BODY = YES;
				CLANG_WARN_ENUM_CONVERSION = YES;
				CLANG_WARN_INT_CONVERSION = YES;
				CLANG_WARN_OBJC_ROOT_CLASS = YES_ERROR;
				CLANG_WARN__DUPLICATE_METHOD_MATCH = YES;
				"CODE_SIGN_IDENTITY[sdk=iphoneos*]" = "iPhone Developer";
				COPY_PHASE_STRIP = YES;
				ENABLE_NS_ASSERTIONS = NO;
				GCC_C_LANGUAGE_STANDARD = gnu99;
				GCC_WARN_64_TO_32_BIT_CONVERSION = YES;
				GCC_WARN_ABOUT_RETURN_TYPE = YES_ERROR;
				GCC_WARN_UNDECLARED_SELECTOR = YES;
				GCC_WARN_UNINITIALIZED_AUTOS = YES;
				GCC_WARN_UNUSED_FUNCTION = YES;
				GCC_WARN_UNUSED_VARIABLE = YES;
				IPHONEOS_DEPLOYMENT_TARGET = 7.0;
				SDKROOT = iphoneos;
				VALIDATE_PRODUCT = YES;
			};
			name = Release;
		};
		B50DB0441831207800120BB2 /* Debug */ = {
			isa = XCBuildConfiguration;
			buildSettings = {
				ASSETCATALOG_COMPILER_APPICON_NAME = AppIcon;
				ASSETCATALOG_COMPILER_LAUNCHIMAGE_NAME = LaunchImage;
				GCC_PRECOMPILE_PREFIX_HEADER = YES;
				GCC_PREFIX_HEADER = "ProjectName/ProjectName-Prefix.pch";
				INFOPLIST_FILE = "ProjectName/ProjectName-Info.plist";
				PRODUCT_NAME = "$(TARGET_NAME)";
				WRAPPER_EXTENSION = app;
			};
			name = Debug;
		};
		B50DB0451831207800120BB2 /* Release */ = {
			isa = XCBuildConfiguration;
			buildSettings = {
				ASSETCATALOG_COMPILER_APPICON_NAME = AppIcon;
				ASSETCATALOG_COMPILER_LAUNCHIMAGE_NAME = LaunchImage;
				GCC_PRECOMPILE_PREFIX_HEADER = YES;
				GCC_PREFIX_HEADER = "ProjectName/ProjectName-Prefix.pch";
				INFOPLIST_FILE = "ProjectName/ProjectName-Info.plist";
				PRODUCT_NAME = "$(TARGET_NAME)";
				WRAPPER_EXTENSION = app;
			};
			name = Release;
		};
		B50DB0471831207800120BB2 /* Debug */ = {
			isa = XCBuildConfiguration;
			buildSettings = {
				ARCHS = "$(ARCHS_STANDARD_INCLUDING_64_BIT)";
				BUNDLE_LOADER = "$(BUILT_PRODUCTS_DIR)/ProjectName.app/ProjectName";
				FRAMEWORK_SEARCH_PATHS = (
					"$(SDKROOT)/Developer/Library/Frameworks",
					"$(inherited)",
					"$(DEVELOPER_FRAMEWORKS_DIR)",
				);
				GCC_PRECOMPILE_PREFIX_HEADER = YES;
				GCC_PREFIX_HEADER = "ProjectName/ProjectName-Prefix.pch";
				GCC_PREPROCESSOR_DEFINITIONS = (
					"DEBUG=1",
					"$(inherited)",
				);
				INFOPLIST_FILE = "ProjectNameTests/ProjectNameTests-Info.plist";
				PRODUCT_NAME = "$(TARGET_NAME)";
				TEST_HOST = "$(BUNDLE_LOADER)";
				WRAPPER_EXTENSION = xctest;
			};
			name = Debug;
		};
		B50DB0481831207800120BB2 /* Release */ = {
			isa = XCBuildConfiguration;
			buildSettings = {
				ARCHS = "$(ARCHS_STANDARD_INCLUDING_64_BIT)";
				BUNDLE_LOADER = "$(BUILT_PRODUCTS_DIR)/ProjectName.app/ProjectName";
				FRAMEWORK_SEARCH_PATHS = (
					"$(SDKROOT)/Developer/Library/Frameworks",
					"$(inherited)",
					"$(DEVELOPER_FRAMEWORKS_DIR)",
				);
				GCC_PRECOMPILE_PREFIX_HEADER = YES;
				GCC_PREFIX_HEADER = "ProjectName/ProjectName-Prefix.pch";
				INFOPLIST_FILE = "ProjectNameTests/ProjectNameTests-Info.plist";
				PRODUCT_NAME = "$(TARGET_NAME)";
				TEST_HOST = "$(BUNDLE_LOADER)";
				WRAPPER_EXTENSION = xctest;
			};
			name = Release;
		};
/* End XCBuildConfiguration section */

/* Begin XCConfigurationList section */
		B50DB0121831207800120BB2 /* Build configuration list for PBXProject "ProjectName" */ = {
			isa = XCConfigurationList;
			buildConfigurations = (
				B50DB0411831207800120BB2 /* Debug */,
				B50DB0421831207800120BB2 /* Release */,
			);
			defaultConfigurationIsVisible = 0;
			defaultConfigurationName = Release;
		};
		B50DB0431831207800120BB2 /* Build configuration list for PBXNativeTarget "ProjectName" */ = {
			isa = XCConfigurationList;
			buildConfigurations = (
				B50DB0441831207800120BB2 /* Debug */,
				B50DB0451831207800120BB2 /* Release */,
			);
			defaultConfigurationIsVisible = 0;
			defaultConfigurationName = Release;
		};
		B50DB0461831207800120BB2 /* Build configuration list for PBXNativeTarget "ProjectNameTests" */ = {
			isa = XCConfigurationList;
			buildConfigurations = (
				B50DB0471831207800120BB2 /* Debug */,
				B50DB0481831207800120BB2 /* Release */,
			);
			defaultConfigurationIsVisible = 0;
			defaultConfigurationName = Release;
		};
/* End XCConfigurationList section */
	};
	rootObject = B50DB00F1831207800120BB2 /* Project object */;
}
