// !$*UTF8*$!
{
	archiveVersion = 1;
	classes = {
	};
	objectVersion = 46;
	objects = {

/* Begin PBXBuildFile section */
		B583192118321E870064928B /* Foundation.framework in Frameworks */ = {isa = PBXBuildFile; fileRef = B583192018321E870064928B /* Foundation.framework */; };
		B583192318321E870064928B /* CoreGraphics.framework in Frameworks */ = {isa = PBXBuildFile; fileRef = B583192218321E870064928B /* CoreGraphics.framework */; };
		B583192518321E870064928B /* UIKit.framework in Frameworks */ = {isa = PBXBuildFile; fileRef = B583192418321E870064928B /* UIKit.framework */; };
		B583192B18321E870064928B /* InfoPlist.strings in Resources */ = {isa = PBXBuildFile; fileRef = B583192918321E870064928B /* InfoPlist.strings */; };
		B583192D18321E870064928B /* main.m in Sources */ = {isa = PBXBuildFile; fileRef = B583192C18321E870064928B /* main.m */; };
		B583193118321E870064928B /* AppDelegate.m in Sources */ = {isa = PBXBuildFile; fileRef = B583193018321E870064928B /* AppDelegate.m */; };
		B583193318321E870064928B /* Images.xcassets in Resources */ = {isa = PBXBuildFile; fileRef = B583193218321E870064928B /* Images.xcassets */; };
		B583193A18321E870064928B /* XCTest.framework in Frameworks */ = {isa = PBXBuildFile; fileRef = B583193918321E870064928B /* XCTest.framework */; };
		B583193B18321E870064928B /* Foundation.framework in Frameworks */ = {isa = PBXBuildFile; fileRef = B583192018321E870064928B /* Foundation.framework */; };
		B583193C18321E870064928B /* UIKit.framework in Frameworks */ = {isa = PBXBuildFile; fileRef = B583192418321E870064928B /* UIKit.framework */; };
		B583194418321E870064928B /* InfoPlist.strings in Resources */ = {isa = PBXBuildFile; fileRef = B583194218321E870064928B /* InfoPlist.strings */; };
		B583194618321E870064928B /* ProjectNameTests.m in Sources */ = {isa = PBXBuildFile; fileRef = B583194518321E870064928B /* ProjectNameTests.m */; };
/* End PBXBuildFile section */

/* Begin PBXContainerItemProxy section */
		B583193D18321E870064928B /* PBXContainerItemProxy */ = {
			isa = PBXContainerItemProxy;
			containerPortal = B583191518321E870064928B /* Project object */;
			proxyType = 1;
			remoteGlobalIDString = B583191C18321E870064928B;
			remoteInfo = ProjectName;
		};
/* End PBXContainerItemProxy section */

/* Begin PBXFileReference section */
		B583191D18321E870064928B /* ProjectName.app */ = {isa = PBXFileReference; explicitFileType = wrapper.application; includeInIndex = 0; path = ProjectName.app; sourceTree = BUILT_PRODUCTS_DIR; };
		B583192018321E870064928B /* Foundation.framework */ = {isa = PBXFileReference; lastKnownFileType = wrapper.framework; name = Foundation.framework; path = System/Library/Frameworks/Foundation.framework; sourceTree = SDKROOT; };
		B583192218321E870064928B /* CoreGraphics.framework */ = {isa = PBXFileReference; lastKnownFileType = wrapper.framework; name = CoreGraphics.framework; path = System/Library/Frameworks/CoreGraphics.framework; sourceTree = SDKROOT; };
		B583192418321E870064928B /* UIKit.framework */ = {isa = PBXFileReference; lastKnownFileType = wrapper.framework; name = UIKit.framework; path = System/Library/Frameworks/UIKit.framework; sourceTree = SDKROOT; };
		B583192818321E870064928B /* ProjectName-Info.plist */ = {isa = PBXFileReference; lastKnownFileType = text.plist.xml; path = "ProjectName-Info.plist"; sourceTree = "<group>"; };
		B583192A18321E870064928B /* en */ = {isa = PBXFileReference; lastKnownFileType = text.plist.strings; name = en; path = en.lproj/InfoPlist.strings; sourceTree = "<group>"; };
		B583192C18321E870064928B /* main.m */ = {isa = PBXFileReference; lastKnownFileType = sourcecode.c.objc; path = main.m; sourceTree = "<group>"; };
		B583192E18321E870064928B /* ProjectName-Prefix.pch */ = {isa = PBXFileReference; lastKnownFileType = sourcecode.c.h; path = "ProjectName-Prefix.pch"; sourceTree = "<group>"; };
		B583192F18321E870064928B /* AppDelegate.h */ = {isa = PBXFileReference; lastKnownFileType = sourcecode.c.h; path = AppDelegate.h; sourceTree = "<group>"; };
		B583193018321E870064928B /* AppDelegate.m */ = {isa = PBXFileReference; lastKnownFileType = sourcecode.c.objc; path = AppDelegate.m; sourceTree = "<group>"; };
		B583193218321E870064928B /* Images.xcassets */ = {isa = PBXFileReference; lastKnownFileType = folder.assetcatalog; path = Images.xcassets; sourceTree = "<group>"; };
		B583193818321E870064928B /* ProjectNameTests.xctest */ = {isa = PBXFileReference; explicitFileType = wrapper.cfbundle; includeInIndex = 0; path = ProjectNameTests.xctest; sourceTree = BUILT_PRODUCTS_DIR; };
		B583193918321E870064928B /* XCTest.framework */ = {isa = PBXFileReference; lastKnownFileType = wrapper.framework; name = XCTest.framework; path = Library/Frameworks/XCTest.framework; sourceTree = DEVELOPER_DIR; };
		B583194118321E870064928B /* ProjectNameTests-Info.plist */ = {isa = PBXFileReference; lastKnownFileType = text.plist.xml; path = "ProjectNameTests-Info.plist"; sourceTree = "<group>"; };
		B583194318321E870064928B /* en */ = {isa = PBXFileReference; lastKnownFileType = text.plist.strings; name = en; path = en.lproj/InfoPlist.strings; sourceTree = "<group>"; };
		B583194518321E870064928B /* ProjectNameTests.m */ = {isa = PBXFileReference; lastKnownFileType = sourcecode.c.objc; path = ProjectNameTests.m; sourceTree = "<group>"; };
/* End PBXFileReference section */

/* Begin PBXFrameworksBuildPhase section */
		B583191A18321E870064928B /* Frameworks */ = {
			isa = PBXFrameworksBuildPhase;
			buildActionMask = 2147483647;
			files = (
				B583192318321E870064928B /* CoreGraphics.framework in Frameworks */,
				B583192518321E870064928B /* UIKit.framework in Frameworks */,
				B583192118321E870064928B /* Foundation.framework in Frameworks */,
			);
			runOnlyForDeploymentPostprocessing = 0;
		};
		B583193518321E870064928B /* Frameworks */ = {
			isa = PBXFrameworksBuildPhase;
			buildActionMask = 2147483647;
			files = (
				B583193A18321E870064928B /* XCTest.framework in Frameworks */,
				B583193C18321E870064928B /* UIKit.framework in Frameworks */,
				B583193B18321E870064928B /* Foundation.framework in Frameworks */,
			);
			runOnlyForDeploymentPostprocessing = 0;
		};
/* End PBXFrameworksBuildPhase section */

/* Begin PBXGroup section */
		B583191418321E870064928B = {
			isa = PBXGroup;
			children = (
				B583192618321E870064928B /* ProjectName */,
				B583193F18321E870064928B /* ProjectNameTests */,
				B583191F18321E870064928B /* Frameworks */,
				B583191E18321E870064928B /* Products */,
			);
			sourceTree = "<group>";
		};
		B583191E18321E870064928B /* Products */ = {
			isa = PBXGroup;
			children = (
				B583191D18321E870064928B /* ProjectName.app */,
				B583193818321E870064928B /* ProjectNameTests.xctest */,
			);
			name = Products;
			sourceTree = "<group>";
		};
		B583191F18321E870064928B /* Frameworks */ = {
			isa = PBXGroup;
			children = (
				B583192018321E870064928B /* Foundation.framework */,
				B583192218321E870064928B /* CoreGraphics.framework */,
				B583192418321E870064928B /* UIKit.framework */,
				B583193918321E870064928B /* XCTest.framework */,
			);
			name = Frameworks;
			sourceTree = "<group>";
		};
		B583192618321E870064928B /* ProjectName */ = {
			isa = PBXGroup;
			children = (
				B583192F18321E870064928B /* AppDelegate.h */,
				B583193018321E870064928B /* AppDelegate.m */,
				B583193218321E870064928B /* Images.xcassets */,
				B583192718321E870064928B /* Supporting Files */,
			);
			path = ProjectName;
			sourceTree = "<group>";
		};
		B583192718321E870064928B /* Supporting Files */ = {
			isa = PBXGroup;
			children = (
				B583192818321E870064928B /* ProjectName-Info.plist */,
				B583192918321E870064928B /* InfoPlist.strings */,
				B583192C18321E870064928B /* main.m */,
				B583192E18321E870064928B /* ProjectName-Prefix.pch */,
			);
			name = "Supporting Files";
			sourceTree = "<group>";
		};
		B583193F18321E870064928B /* ProjectNameTests */ = {
			isa = PBXGroup;
			children = (
				B583194518321E870064928B /* ProjectNameTests.m */,
				B583194018321E870064928B /* Supporting Files */,
			);
			path = ProjectNameTests;
			sourceTree = "<group>";
		};
		B583194018321E870064928B /* Supporting Files */ = {
			isa = PBXGroup;
			children = (
				B583194118321E870064928B /* ProjectNameTests-Info.plist */,
				B583194218321E870064928B /* InfoPlist.strings */,
			);
			name = "Supporting Files";
			sourceTree = "<group>";
		};
/* End PBXGroup section */

/* Begin PBXNativeTarget section */
		B583191C18321E870064928B /* ProjectName */ = {
			isa = PBXNativeTarget;
			buildConfigurationList = B583194918321E870064928B /* Build configuration list for PBXNativeTarget "ProjectName" */;
			buildPhases = (
				B583191918321E870064928B /* Sources */,
				B583191A18321E870064928B /* Frameworks */,
				B583191B18321E870064928B /* Resources */,
			);
			buildRules = (
			);
			dependencies = (
			);
			name = ProjectName;
			productName = ProjectName;
			productReference = B583191D18321E870064928B /* ProjectName.app */;
			productType = "com.apple.product-type.application";
		};
		B583193718321E870064928B /* ProjectNameTests */ = {
			isa = PBXNativeTarget;
			buildConfigurationList = B583194C18321E870064928B /* Build configuration list for PBXNativeTarget "ProjectNameTests" */;
			buildPhases = (
				B583193418321E870064928B /* Sources */,
				B583193518321E870064928B /* Frameworks */,
				B583193618321E870064928B /* Resources */,
			);
			buildRules = (
			);
			dependencies = (
				B583193E18321E870064928B /* PBXTargetDependency */,
			);
			name = ProjectNameTests;
			productName = ProjectNameTests;
			productReference = B583193818321E870064928B /* ProjectNameTests.xctest */;
			productType = "com.apple.product-type.bundle.unit-test";
		};
/* End PBXNativeTarget section */

/* Begin PBXProject section */
		B583191518321E870064928B /* Project object */ = {
			isa = PBXProject;
			attributes = {
				LastUpgradeCheck = 0500;
				ORGANIZATIONNAME = vdm;
				TargetAttributes = {
					B583193718321E870064928B = {
						TestTargetID = B583191C18321E870064928B;
					};
				};
			};
			buildConfigurationList = B583191818321E870064928B /* Build configuration list for PBXProject "ProjectName" */;
			compatibilityVersion = "Xcode 3.2";
			developmentRegion = English;
			hasScannedForEncodings = 0;
			knownRegions = (
				en,
			);
			mainGroup = B583191418321E870064928B;
			productRefGroup = B583191E18321E870064928B /* Products */;
			projectDirPath = "";
			projectRoot = "";
			targets = (
				B583191C18321E870064928B /* ProjectName */,
				B583193718321E870064928B /* ProjectNameTests */,
			);
		};
/* End PBXProject section */

/* Begin PBXResourcesBuildPhase section */
		B583191B18321E870064928B /* Resources */ = {
			isa = PBXResourcesBuildPhase;
			buildActionMask = 2147483647;
			files = (
				B583192B18321E870064928B /* InfoPlist.strings in Resources */,
				B583193318321E870064928B /* Images.xcassets in Resources */,
			);
			runOnlyForDeploymentPostprocessing = 0;
		};
		B583193618321E870064928B /* Resources */ = {
			isa = PBXResourcesBuildPhase;
			buildActionMask = 2147483647;
			files = (
				B583194418321E870064928B /* InfoPlist.strings in Resources */,
			);
			runOnlyForDeploymentPostprocessing = 0;
		};
/* End PBXResourcesBuildPhase section */

/* Begin PBXSourcesBuildPhase section */
		B583191918321E870064928B /* Sources */ = {
			isa = PBXSourcesBuildPhase;
			buildActionMask = 2147483647;
			files = (
				B583193118321E870064928B /* AppDelegate.m in Sources */,
				B583192D18321E870064928B /* main.m in Sources */,
			);
			runOnlyForDeploymentPostprocessing = 0;
		};
		B583193418321E870064928B /* Sources */ = {
			isa = PBXSourcesBuildPhase;
			buildActionMask = 2147483647;
			files = (
				B583194618321E870064928B /* ProjectNameTests.m in Sources */,
			);
			runOnlyForDeploymentPostprocessing = 0;
		};
/* End PBXSourcesBuildPhase section */

/* Begin PBXTargetDependency section */
		B583193E18321E870064928B /* PBXTargetDependency */ = {
			isa = PBXTargetDependency;
			target = B583191C18321E870064928B /* ProjectName */;
			targetProxy = B583193D18321E870064928B /* PBXContainerItemProxy */;
		};
/* End PBXTargetDependency section */

/* Begin PBXVariantGroup section */
		B583192918321E870064928B /* InfoPlist.strings */ = {
			isa = PBXVariantGroup;
			children = (
				B583192A18321E870064928B /* en */,
			);
			name = InfoPlist.strings;
			sourceTree = "<group>";
		};
		B583194218321E870064928B /* InfoPlist.strings */ = {
			isa = PBXVariantGroup;
			children = (
				B583194318321E870064928B /* en */,
			);
			name = InfoPlist.strings;
			sourceTree = "<group>";
		};
/* End PBXVariantGroup section */

/* Begin XCBuildConfiguration section */
		B583194718321E870064928B /* Debug */ = {
			isa = XCBuildConfiguration;
			buildSettings = {
				ALWAYS_SEARCH_USER_PATHS = NO;
				ARCHS = "$(ARCHS_STANDARD_INCLUDING_64_BIT)";
				CLANG_CXX_LANGUAGE_STANDARD = "gnu++0x";
				CLANG_CXX_LIBRARY = "libc++";
				CLANG_ENABLE_MODULES = YES;
				CLANG_ENABLE_OBJC_ARC = YES;
				CLANG_WARN_BOOL_CONVERSION = YES;
				CLANG_WARN_CONSTANT_CONVERSION = YES;
				CLANG_WARN_DIRECT_OBJC_ISA_USAGE = YES_ERROR;
				CLANG_WARN_EMPTY_BODY = YES;
				CLANG_WARN_ENUM_CONVERSION = YES;
				CLANG_WARN_INT_CONVERSION = YES;
				CLANG_WARN_OBJC_ROOT_CLASS = YES_ERROR;
				CLANG_WARN__DUPLICATE_METHOD_MATCH = YES;
				"CODE_SIGN_IDENTITY[sdk=iphoneos*]" = "iPhone Developer";
				COPY_PHASE_STRIP = NO;
				GCC_C_LANGUAGE_STANDARD = gnu99;
				GCC_DYNAMIC_NO_PIC = NO;
				GCC_OPTIMIZATION_LEVEL = 0;
				GCC_PREPROCESSOR_DEFINITIONS = (
					"DEBUG=1",
					"$(inherited)",
				);
				GCC_SYMBOLS_PRIVATE_EXTERN = NO;
				GCC_WARN_64_TO_32_BIT_CONVERSION = YES;
				GCC_WARN_ABOUT_RETURN_TYPE = YES_ERROR;
				GCC_WARN_UNDECLARED_SELECTOR = YES;
				GCC_WARN_UNINITIALIZED_AUTOS = YES;
				GCC_WARN_UNUSED_FUNCTION = YES;
				GCC_WARN_UNUSED_VARIABLE = YES;
				IPHONEOS_DEPLOYMENT_TARGET = 7.0;
				ONLY_ACTIVE_ARCH = YES;
				SDKROOT = iphoneos;
			};
			name = Debug;
		};
		B583194818321E870064928B /* Release */ = {
			isa = XCBuildConfiguration;
			buildSettings = {
				ALWAYS_SEARCH_USER_PATHS = NO;
				ARCHS = "$(ARCHS_STANDARD_INCLUDING_64_BIT)";
				CLANG_CXX_LANGUAGE_STANDARD = "gnu++0x";
				CLANG_CXX_LIBRARY = "libc++";
				CLANG_ENABLE_MODULES = YES;
				CLANG_ENABLE_OBJC_ARC = YES;
				CLANG_WARN_BOOL_CONVERSION = YES;
				CLANG_WARN_CONSTANT_CONVERSION = YES;
				CLANG_WARN_DIRECT_OBJC_ISA_USAGE = YES_ERROR;
				CLANG_WARN_EMPTY_BODY = YES;
				CLANG_WARN_ENUM_CONVERSION = YES;
				CLANG_WARN_INT_CONVERSION = YES;
				CLANG_WARN_OBJC_ROOT_CLASS = YES_ERROR;
				CLANG_WARN__DUPLICATE_METHOD_MATCH = YES;
				"CODE_SIGN_IDENTITY[sdk=iphoneos*]" = "iPhone Developer";
				COPY_PHASE_STRIP = YES;
				ENABLE_NS_ASSERTIONS = NO;
				GCC_C_LANGUAGE_STANDARD = gnu99;
				GCC_WARN_64_TO_32_BIT_CONVERSION = YES;
				GCC_WARN_ABOUT_RETURN_TYPE = YES_ERROR;
				GCC_WARN_UNDECLARED_SELECTOR = YES;
				GCC_WARN_UNINITIALIZED_AUTOS = YES;
				GCC_WARN_UNUSED_FUNCTION = YES;
				GCC_WARN_UNUSED_VARIABLE = YES;
				IPHONEOS_DEPLOYMENT_TARGET = 7.0;
				SDKROOT = iphoneos;
				VALIDATE_PRODUCT = YES;
			};
			name = Release;
		};
		B583194A18321E870064928B /* Debug */ = {
			isa = XCBuildConfiguration;
			buildSettings = {
				ASSETCATALOG_COMPILER_APPICON_NAME = AppIcon;
				ASSETCATALOG_COMPILER_LAUNCHIMAGE_NAME = LaunchImage;
				GCC_PRECOMPILE_PREFIX_HEADER = YES;
				GCC_PREFIX_HEADER = "ProjectName/ProjectName-Prefix.pch";
				INFOPLIST_FILE = "ProjectName/ProjectName-Info.plist";
				PRODUCT_NAME = "$(TARGET_NAME)";
				WRAPPER_EXTENSION = app;
			};
			name = Debug;
		};
		B583194B18321E870064928B /* Release */ = {
			isa = XCBuildConfiguration;
			buildSettings = {
				ASSETCATALOG_COMPILER_APPICON_NAME = AppIcon;
				ASSETCATALOG_COMPILER_LAUNCHIMAGE_NAME = LaunchImage;
				GCC_PRECOMPILE_PREFIX_HEADER = YES;
				GCC_PREFIX_HEADER = "ProjectName/ProjectName-Prefix.pch";
				INFOPLIST_FILE = "ProjectName/ProjectName-Info.plist";
				PRODUCT_NAME = "$(TARGET_NAME)";
				WRAPPER_EXTENSION = app;
			};
			name = Release;
		};
		B583194D18321E870064928B /* Debug */ = {
			isa = XCBuildConfiguration;
			buildSettings = {
				ARCHS = "$(ARCHS_STANDARD_INCLUDING_64_BIT)";
				BUNDLE_LOADER = "$(BUILT_PRODUCTS_DIR)/ProjectName.app/ProjectName";
				FRAMEWORK_SEARCH_PATHS = (
					"$(SDKROOT)/Developer/Library/Frameworks",
					"$(inherited)",
					"$(DEVELOPER_FRAMEWORKS_DIR)",
				);
				GCC_PRECOMPILE_PREFIX_HEADER = YES;
				GCC_PREFIX_HEADER = "ProjectName/ProjectName-Prefix.pch";
				GCC_PREPROCESSOR_DEFINITIONS = (
					"DEBUG=1",
					"$(inherited)",
				);
				INFOPLIST_FILE = "ProjectNameTests/ProjectNameTests-Info.plist";
				PRODUCT_NAME = "$(TARGET_NAME)";
				TEST_HOST = "$(BUNDLE_LOADER)";
				WRAPPER_EXTENSION = xctest;
			};
			name = Debug;
		};
		B583194E18321E870064928B /* Release */ = {
			isa = XCBuildConfiguration;
			buildSettings = {
				ARCHS = "$(ARCHS_STANDARD_INCLUDING_64_BIT)";
				BUNDLE_LOADER = "$(BUILT_PRODUCTS_DIR)/ProjectName.app/ProjectName";
				FRAMEWORK_SEARCH_PATHS = (
					"$(SDKROOT)/Developer/Library/Frameworks",
					"$(inherited)",
					"$(DEVELOPER_FRAMEWORKS_DIR)",
				);
				GCC_PRECOMPILE_PREFIX_HEADER = YES;
				GCC_PREFIX_HEADER = "ProjectName/ProjectName-Prefix.pch";
				INFOPLIST_FILE = "ProjectNameTests/ProjectNameTests-Info.plist";
				PRODUCT_NAME = "$(TARGET_NAME)";
				TEST_HOST = "$(BUNDLE_LOADER)";
				WRAPPER_EXTENSION = xctest;
			};
			name = Release;
		};
/* End XCBuildConfiguration section */

/* Begin XCConfigurationList section */
		B583191818321E870064928B /* Build configuration list for PBXProject "ProjectName" */ = {
			isa = XCConfigurationList;
			buildConfigurations = (
				B583194718321E870064928B /* Debug */,
				B583194818321E870064928B /* Release */,
			);
			defaultConfigurationIsVisible = 0;
			defaultConfigurationName = Release;
		};
		B583194918321E870064928B /* Build configuration list for PBXNativeTarget "ProjectName" */ = {
			isa = XCConfigurationList;
			buildConfigurations = (
				B583194A18321E870064928B /* Debug */,
				B583194B18321E870064928B /* Release */,
			);
			defaultConfigurationIsVisible = 0;
		};
		B583194C18321E870064928B /* Build configuration list for PBXNativeTarget "ProjectNameTests" */ = {
			isa = XCConfigurationList;
			buildConfigurations = (
				B583194D18321E870064928B /* Debug */,
				B583194E18321E870064928B /* Release */,
			);
			defaultConfigurationIsVisible = 0;
		};
/* End XCConfigurationList section */
	};
	rootObject = B583191518321E870064928B /* Project object */;
}
